# This file is autogenerated, do not edit; changes may be undone by the next 'dep ensure'.


[[projects]]
  branch = "master"
  name = "github.com/jhunt/go-ansi"
  packages = ["."]
  revision = "52b391f2c38fac4d0693caffcf1c01f4cabced89"

[[projects]]
  branch = "master"
  name = "github.com/jhunt/go-cli"
  packages = ["."]
  revision = "44398e595118cf6d87a5a67175210964a02294fa"

[[projects]]
  branch = "master"
  name = "github.com/jhunt/go-db"
  packages = ["."]
  revision = "e794e1446f2e0f0a44301ecde08917af83677c57"

[[projects]]
  branch = "master"
  name = "github.com/jhunt/go-envirotron"
  packages = ["."]
  revision = "8bdb90f72b39102d14b82a2ead076865f8ba5886"

[[projects]]
  branch = "master"
  name = "github.com/jhunt/go-snapshot"
  packages = ["."]
  revision = "9ad8f5ee37a2bec07a2bcad3d7b639d702271ee8"

[[projects]]
  name = "github.com/mattn/go-isatty"
  packages = ["."]
  revision = "0360b2af4f38e8d38c7fce2a9f4e702702d73a39"
  version = "v0.0.3"

[[projects]]
  name = "github.com/mattn/go-sqlite3"
  packages = ["."]
  revision = "6c771bb9887719704b210e87e934f08be014bdb1"
  version = "v1.6.0"

[[projects]]
  branch = "master"
  name = "github.com/starkandwayne/goutils"
  packages = ["log"]
  revision = "64cf2cb9adc18df7cb7158a98cbd58569c7594e4"

[[projects]]
  branch = "master"
  name = "golang.org/x/crypto"
  packages = [
    "bcrypt",
    "blowfish"
  ]
  revision = "5119cf507ed5294cc409c092980c7497ee5d6fd2"

[[projects]]
  branch = "master"
  name = "golang.org/x/sys"
  packages = ["unix"]
  revision = "37707fdb30a5b38865cfb95e5aab41707daec7fd"

[solve-meta]
  analyzer-name = "dep"
  analyzer-version = 1
  inputs-digest = "308c86c131cbb1acaf04c3f646db92d2105805d3e182980c46c721d79f2bd777"
  solver-name = "gps-cdcl"
  solver-version = 1
